%{
  "observer_cli": {:hex, :observer_cli, "1.5.4", "e8489b3a7c77c2155c0b67fa9f90d9afa76bf15c24fb7b312addcc117771d154", [:mix, :rebar3], [{:recon, "~>2.5.1", [hex: :recon, repo: "hexpm", optional: false]}], "hexpm", "f4825d374b22f258ad114a74796b79b86e20a03611051719f6062353c05389cb"},
  "recon": {:hex, :recon, "2.5.1", "430ffa60685ac1efdfb1fe4c97b8767c92d0d92e6e7c3e8621559ba77598678a", [:mix, :rebar3], [], "hexpm", "5721c6b6d50122d8f68cccac712caa1231f97894bab779eff5ff0f886cb44648"},
}
